
Microsoft Visual Studio Solution File, Format Version 12.00
# Visual Studio Version 17
VisualStudioVersion = 17.5.002.0
MinimumVisualStudioVersion = 10.0.40219.1
Project("{9A19103F-16F7-4668-BE54-9A1E7A4F7556}") = "company", "company.csproj", "{4693FDC5-A22D-4BB7-B7F8-CDE02DC5B5FB}"
EndProject
Global
	GlobalSection(SolutionConfigurationPlatforms) = preSolution
		Debug|Any CPU = Debug|Any CPU
		Release|Any CPU = Release|Any CPU
	EndGlobalSection
	GlobalSection(ProjectConfigurationPlatforms) = postSolution
		{4693FDC5-A22D-4BB7-B7F8-CDE02DC5B5FB}.Debug|Any CPU.ActiveCfg = Debug|Any CPU
		{4693FDC5-A22D-4BB7-B7F8-CDE02DC5B5FB}.Debug|Any CPU.Build.0 = Debug|Any CPU
		{4693FDC5-A22D-4BB7-B7F8-CDE02DC5B5FB}.Release|Any CPU.ActiveCfg = Release|Any CPU
		{4693FDC5-A22D-4BB7-B7F8-CDE02DC5B5FB}.Release|Any CPU.Build.0 = Release|Any CPU
	EndGlobalSection
	GlobalSection(SolutionProperties) = preSolution
		HideSolutionNode = FALSE
	EndGlobalSection
	GlobalSection(ExtensibilityGlobals) = postSolution
		SolutionGuid = {8639621A-E29C-48AB-9655-6E933D32F471}
	EndGlobalSection
EndGlobal
